// !$*UTF8*$!
{
	archiveVersion = 1;
	classes = {
	};
	objectVersion = 56;
	objects = {

/* Begin PBXBuildFile section */
		10A000000000000000000101 /* TivanONTBootstrapperApp.swift in Sources */ = {isa = PBXBuildFile; fileRef = 10A000000000000000000201 /* TivanONTBootstrapperApp.swift */; };
		10A000000000000000000102 /* ContentView.swift in Sources */ = {isa = PBXBuildFile; fileRef = 10A000000000000000000202 /* ContentView.swift */; };
		10A000000000000000000103 /* WebAutomationView.swift in Sources */ = {isa = PBXBuildFile; fileRef = 10A000000000000000000203 /* WebAutomationView.swift */; };
		10A000000000000000000104 /* BootstrapConfiguration.swift in Sources */ = {isa = PBXBuildFile; fileRef = 10A000000000000000000204 /* BootstrapConfiguration.swift */; };
		10A000000000000000000105 /* BootstrapEvent.swift in Sources */ = {isa = PBXBuildFile; fileRef = 10A000000000000000000205 /* BootstrapEvent.swift */; };
		10A000000000000000000106 /* BootstrapperViewModel.swift in Sources */ = {isa = PBXBuildFile; fileRef = 10A000000000000000000206 /* BootstrapperViewModel.swift */; };
		10A000000000000000000107 /* HuaweiWebSession.swift in Sources */ = {isa = PBXBuildFile; fileRef = 10A000000000000000000207 /* HuaweiWebSession.swift */; };
		10A000000000000000000108 /* JavaScriptPayloads.swift in Sources */ = {isa = PBXBuildFile; fileRef = 10A000000000000000000208 /* JavaScriptPayloads.swift */; };
		10A000000000000000000109 /* TelnetClient.swift in Sources */ = {isa = PBXBuildFile; fileRef = 10A000000000000000000209 /* TelnetClient.swift */; };
		10A00000000000000000010A /* Assets.xcassets in Resources */ = {isa = PBXBuildFile; fileRef = 10A000000000000000000213 /* Assets.xcassets */; };
/* End PBXBuildFile section */

/* Begin PBXFileReference section */
		10A000000000000000000201 /* TivanONTBootstrapperApp.swift */ = {isa = PBXFileReference; lastKnownFileType = sourcecode.swift; path = TivanONTBootstrapperApp.swift; sourceTree = "<group>"; };
		10A000000000000000000202 /* ContentView.swift */ = {isa = PBXFileReference; lastKnownFileType = sourcecode.swift; path = ContentView.swift; sourceTree = "<group>"; };
		10A000000000000000000203 /* WebAutomationView.swift */ = {isa = PBXFileReference; lastKnownFileType = sourcecode.swift; path = WebAutomationView.swift; sourceTree = "<group>"; };
		10A000000000000000000204 /* BootstrapConfiguration.swift */ = {isa = PBXFileReference; lastKnownFileType = sourcecode.swift; path = BootstrapConfiguration.swift; sourceTree = "<group>"; };
		10A000000000000000000205 /* BootstrapEvent.swift */ = {isa = PBXFileReference; lastKnownFileType = sourcecode.swift; path = BootstrapEvent.swift; sourceTree = "<group>"; };
		10A000000000000000000206 /* BootstrapperViewModel.swift */ = {isa = PBXFileReference; lastKnownFileType = sourcecode.swift; path = BootstrapperViewModel.swift; sourceTree = "<group>"; };
		10A000000000000000000207 /* HuaweiWebSession.swift */ = {isa = PBXFileReference; lastKnownFileType = sourcecode.swift; path = HuaweiWebSession.swift; sourceTree = "<group>"; };
		10A000000000000000000208 /* JavaScriptPayloads.swift */ = {isa = PBXFileReference; lastKnownFileType = sourcecode.swift; path = JavaScriptPayloads.swift; sourceTree = "<group>"; };
		10A000000000000000000209 /* TelnetClient.swift */ = {isa = PBXFileReference; lastKnownFileType = sourcecode.swift; path = TelnetClient.swift; sourceTree = "<group>"; };
		10A000000000000000000210 /* Info.plist */ = {isa = PBXFileReference; lastKnownFileType = text.plist.xml; path = Info.plist; sourceTree = "<group>"; };
		10A000000000000000000211 /* README.md */ = {isa = PBXFileReference; lastKnownFileType = net.daringfireball.markdown; path = README.md; sourceTree = "<group>"; };
		10A000000000000000000212 /* Windows-Logic-Extraction.md */ = {isa = PBXFileReference; lastKnownFileType = net.daringfireball.markdown; path = "Windows-Logic-Extraction.md"; sourceTree = "<group>"; };
		10A000000000000000000213 /* Assets.xcassets */ = {isa = PBXFileReference; lastKnownFileType = folder.assetcatalog; path = Assets.xcassets; sourceTree = "<group>"; };
		10A000000000000000000301 /* TivanONTiOS.app */ = {isa = PBXFileReference; explicitFileType = wrapper.application; includeInIndex = 0; path = TivanONTiOS.app; sourceTree = BUILT_PRODUCTS_DIR; };
/* End PBXFileReference section */

/* Begin PBXFrameworksBuildPhase section */
		10A000000000000000000401 /* Frameworks */ = {
			isa = PBXFrameworksBuildPhase;
			buildActionMask = 2147483647;
			files = (
			);
			runOnlyForDeploymentPostprocessing = 0;
		};
/* End PBXFrameworksBuildPhase section */

/* Begin PBXGroup section */
		10A000000000000000000501 = {
			isa = PBXGroup;
			children = (
				10A000000000000000000502 /* TivanONTiOS */,
				10A000000000000000000503 /* Docs */,
				10A000000000000000000504 /* Products */,
				10A000000000000000000211 /* README.md */,
			);
			sourceTree = "<group>";
		};
		10A000000000000000000502 /* TivanONTiOS */ = {
			isa = PBXGroup;
			children = (
				10A000000000000000000201 /* TivanONTBootstrapperApp.swift */,
				10A000000000000000000210 /* Info.plist */,
				10A000000000000000000213 /* Assets.xcassets */,
				10A000000000000000000505 /* Models */,
				10A000000000000000000506 /* Services */,
				10A000000000000000000507 /* ViewModels */,
				10A000000000000000000508 /* Views */,
			);
			path = TivanONTiOS;
			sourceTree = "<group>";
		};
		10A000000000000000000503 /* Docs */ = {
			isa = PBXGroup;
			children = (
				10A000000000000000000212 /* Windows-Logic-Extraction.md */,
			);
			path = Docs;
			sourceTree = "<group>";
		};
		10A000000000000000000504 /* Products */ = {
			isa = PBXGroup;
			children = (
				10A000000000000000000301 /* TivanONTiOS.app */,
			);
			name = Products;
			sourceTree = "<group>";
		};
		10A000000000000000000505 /* Models */ = {
			isa = PBXGroup;
			children = (
				10A000000000000000000204 /* BootstrapConfiguration.swift */,
				10A000000000000000000205 /* BootstrapEvent.swift */,
			);
			path = Models;
			sourceTree = "<group>";
		};
		10A000000000000000000506 /* Services */ = {
			isa = PBXGroup;
			children = (
				10A000000000000000000207 /* HuaweiWebSession.swift */,
				10A000000000000000000208 /* JavaScriptPayloads.swift */,
				10A000000000000000000209 /* TelnetClient.swift */,
			);
			path = Services;
			sourceTree = "<group>";
		};
		10A000000000000000000507 /* ViewModels */ = {
			isa = PBXGroup;
			children = (
				10A000000000000000000206 /* BootstrapperViewModel.swift */,
			);
			path = ViewModels;
			sourceTree = "<group>";
		};
		10A000000000000000000508 /* Views */ = {
			isa = PBXGroup;
			children = (
				10A000000000000000000202 /* ContentView.swift */,
				10A000000000000000000203 /* WebAutomationView.swift */,
			);
			path = Views;
			sourceTree = "<group>";
		};
/* End PBXGroup section */

/* Begin PBXNativeTarget section */
		10A000000000000000000601 /* TivanONTiOS */ = {
			isa = PBXNativeTarget;
			buildConfigurationList = 10A000000000000000000904 /* Build configuration list for PBXNativeTarget "TivanONTiOS" */;
			buildPhases = (
				10A000000000000000000701 /* Sources */,
				10A000000000000000000401 /* Frameworks */,
				10A000000000000000000702 /* Resources */,
			);
			buildRules = (
			);
			dependencies = (
			);
			name = TivanONTiOS;
			productName = TivanONTiOS;
			productReference = 10A000000000000000000301 /* TivanONTiOS.app */;
			productType = "com.apple.product-type.application";
		};
/* End PBXNativeTarget section */

/* Begin PBXProject section */
		10A000000000000000000801 /* Project object */ = {
			isa = PBXProject;
			attributes = {
				BuildIndependentTargetsInParallel = 1;
				LastSwiftUpdateCheck = 1500;
				LastUpgradeCheck = 1500;
				TargetAttributes = {
					10A000000000000000000601 = {
						CreatedOnToolsVersion = 15.0;
					};
				};
			};
			buildConfigurationList = 10A000000000000000000901 /* Build configuration list for PBXProject "TivanONTiOS" */;
			compatibilityVersion = "Xcode 14.0";
			developmentRegion = en;
			hasScannedForEncodings = 0;
			knownRegions = (
				en,
				Base,
			);
			mainGroup = 10A000000000000000000501;
			productRefGroup = 10A000000000000000000504 /* Products */;
			projectDirPath = "";
			projectRoot = "";
			targets = (
				10A000000000000000000601 /* TivanONTiOS */,
			);
		};
/* End PBXProject section */

/* Begin PBXResourcesBuildPhase section */
		10A000000000000000000702 /* Resources */ = {
			isa = PBXResourcesBuildPhase;
			buildActionMask = 2147483647;
			files = (
				10A00000000000000000010A /* Assets.xcassets in Resources */,
			);
			runOnlyForDeploymentPostprocessing = 0;
		};
/* End PBXResourcesBuildPhase section */

/* Begin PBXSourcesBuildPhase section */
		10A000000000000000000701 /* Sources */ = {
			isa = PBXSourcesBuildPhase;
			buildActionMask = 2147483647;
			files = (
				10A000000000000000000101 /* TivanONTBootstrapperApp.swift in Sources */,
				10A000000000000000000102 /* ContentView.swift in Sources */,
				10A000000000000000000103 /* WebAutomationView.swift in Sources */,
				10A000000000000000000104 /* BootstrapConfiguration.swift in Sources */,
				10A000000000000000000105 /* BootstrapEvent.swift in Sources */,
				10A000000000000000000106 /* BootstrapperViewModel.swift in Sources */,
				10A000000000000000000107 /* HuaweiWebSession.swift in Sources */,
				10A000000000000000000108 /* JavaScriptPayloads.swift in Sources */,
				10A000000000000000000109 /* TelnetClient.swift in Sources */,
			);
			runOnlyForDeploymentPostprocessing = 0;
		};
/* End PBXSourcesBuildPhase section */

/* Begin XCBuildConfiguration section */
		10A000000000000000000902 /* Debug */ = {
			isa = XCBuildConfiguration;
			buildSettings = {
				ALWAYS_SEARCH_USER_PATHS = NO;
				CLANG_ANALYZER_NONNULL = YES;
				CLANG_ANALYZER_NUMBER_OBJECT_CONVERSION = YES_AGGRESSIVE;
				CLANG_CXX_LANGUAGE_STANDARD = "gnu++20";
				CLANG_ENABLE_MODULES = YES;
				CLANG_ENABLE_OBJC_ARC = YES;
				CLANG_ENABLE_OBJC_WEAK = YES;
				CLANG_WARN_BLOCK_CAPTURE_AUTORELEASING = YES;
				CLANG_WARN_BOOL_CONVERSION = YES;
				CLANG_WARN_COMMA = YES;
				CLANG_WARN_CONSTANT_CONVERSION = YES;
				CLANG_WARN_DEPRECATED_OBJC_IMPLEMENTATIONS = YES;
				CLANG_WARN_DIRECT_OBJC_ISA_USAGE = YES_ERROR;
				CLANG_WARN_DOCUMENTATION_COMMENTS = YES;
				CLANG_WARN_EMPTY_BODY = YES;
				CLANG_WARN_ENUM_CONVERSION = YES;
				CLANG_WARN_INFINITE_RECURSION = YES;
				CLANG_WARN_INT_CONVERSION = YES;
				CLANG_WARN_NON_LITERAL_NULL_CONVERSION = YES;
				CLANG_WARN_OBJC_IMPLICIT_RETAIN_SELF = YES;
				CLANG_WARN_OBJC_LITERAL_CONVERSION = YES;
				CLANG_WARN_OBJC_ROOT_CLASS = YES_ERROR;
				CLANG_WARN_QUOTED_INCLUDE_IN_FRAMEWORK_HEADER = YES;
				CLANG_WARN_RANGE_LOOP_ANALYSIS = YES;
				CLANG_WARN_STRICT_PROTOTYPES = YES;
				CLANG_WARN_SUSPICIOUS_MOVE = YES;
				CLANG_WARN_UNGUARDED_AVAILABILITY = YES_AGGRESSIVE;
				CLANG_WARN_UNREACHABLE_CODE = YES;
				COPY_PHASE_STRIP = NO;
				DEBUG_INFORMATION_FORMAT = dwarf;
				ENABLE_STRICT_OBJC_MSGSEND = YES;
				ENABLE_TESTABILITY = YES;
				GCC_C_LANGUAGE_STANDARD = gnu17;
				GCC_DYNAMIC_NO_PIC = NO;
				GCC_NO_COMMON_BLOCKS = YES;
				GCC_OPTIMIZATION_LEVEL = 0;
				GCC_PREPROCESSOR_DEFINITIONS = (
					"DEBUG=1",
					"$(inherited)",
				);
				GCC_WARN_64_TO_32_BIT_CONVERSION = YES;
				GCC_WARN_ABOUT_RETURN_TYPE = YES_ERROR;
				GCC_WARN_UNDECLARED_SELECTOR = YES;
				GCC_WARN_UNINITIALIZED_AUTOS = YES_AGGRESSIVE;
				GCC_WARN_UNUSED_FUNCTION = YES;
				GCC_WARN_UNUSED_VARIABLE = YES;
				IPHONEOS_DEPLOYMENT_TARGET = 16.0;
				MTL_ENABLE_DEBUG_INFO = INCLUDE_SOURCE;
				MTL_FAST_MATH = YES;
				ONLY_ACTIVE_ARCH = YES;
				SDKROOT = iphoneos;
				SWIFT_ACTIVE_COMPILATION_CONDITIONS = DEBUG;
				SWIFT_OPTIMIZATION_LEVEL = "-Onone";
			};
			name = Debug;
		};
		10A000000000000000000903 /* Release */ = {
			isa = XCBuildConfiguration;
			buildSettings = {
				ALWAYS_SEARCH_USER_PATHS = NO;
				CLANG_ANALYZER_NONNULL = YES;
				CLANG_ANALYZER_NUMBER_OBJECT_CONVERSION = YES_AGGRESSIVE;
				CLANG_CXX_LANGUAGE_STANDARD = "gnu++20";
				CLANG_ENABLE_MODULES = YES;
				CLANG_ENABLE_OBJC_ARC = YES;
				CLANG_ENABLE_OBJC_WEAK = YES;
				CLANG_WARN_BLOCK_CAPTURE_AUTORELEASING = YES;
				CLANG_WARN_BOOL_CONVERSION = YES;
				CLANG_WARN_COMMA = YES;
				CLANG_WARN_CONSTANT_CONVERSION = YES;
				CLANG_WARN_DEPRECATED_OBJC_IMPLEMENTATIONS = YES;
				CLANG_WARN_DIRECT_OBJC_ISA_USAGE = YES_ERROR;
				CLANG_WARN_DOCUMENTATION_COMMENTS = YES;
				CLANG_WARN_EMPTY_BODY = YES;
				CLANG_WARN_ENUM_CONVERSION = YES;
				CLANG_WARN_INFINITE_RECURSION = YES;
				CLANG_WARN_INT_CONVERSION = YES;
				CLANG_WARN_NON_LITERAL_NULL_CONVERSION = YES;
				CLANG_WARN_OBJC_IMPLICIT_RETAIN_SELF = YES;
				CLANG_WARN_OBJC_LITERAL_CONVERSION = YES;
				CLANG_WARN_OBJC_ROOT_CLASS = YES_ERROR;
				CLANG_WARN_QUOTED_INCLUDE_IN_FRAMEWORK_HEADER = YES;
				CLANG_WARN_RANGE_LOOP_ANALYSIS = YES;
				CLANG_WARN_STRICT_PROTOTYPES = YES;
				CLANG_WARN_SUSPICIOUS_MOVE = YES;
				CLANG_WARN_UNGUARDED_AVAILABILITY = YES_AGGRESSIVE;
				CLANG_WARN_UNREACHABLE_CODE = YES;
				COPY_PHASE_STRIP = NO;
				DEBUG_INFORMATION_FORMAT = "dwarf-with-dsym";
				ENABLE_NS_ASSERTIONS = NO;
				ENABLE_STRICT_OBJC_MSGSEND = YES;
				GCC_C_LANGUAGE_STANDARD = gnu17;
				GCC_NO_COMMON_BLOCKS = YES;
				GCC_WARN_64_TO_32_BIT_CONVERSION = YES;
				GCC_WARN_ABOUT_RETURN_TYPE = YES_ERROR;
				GCC_WARN_UNDECLARED_SELECTOR = YES;
				GCC_WARN_UNINITIALIZED_AUTOS = YES_AGGRESSIVE;
				GCC_WARN_UNUSED_FUNCTION = YES;
				GCC_WARN_UNUSED_VARIABLE = YES;
				IPHONEOS_DEPLOYMENT_TARGET = 16.0;
				MTL_ENABLE_DEBUG_INFO = NO;
				MTL_FAST_MATH = YES;
				SDKROOT = iphoneos;
				SWIFT_COMPILATION_MODE = wholemodule;
				SWIFT_OPTIMIZATION_LEVEL = "-O";
				VALIDATE_PRODUCT = YES;
			};
			name = Release;
		};
		10A000000000000000000905 /* Debug */ = {
			isa = XCBuildConfiguration;
			buildSettings = {
				ASSETCATALOG_COMPILER_APPICON_NAME = AppIcon;
				ASSETCATALOG_COMPILER_GLOBAL_ACCENT_COLOR_NAME = AccentColor;
				CODE_SIGN_STYLE = Automatic;
				CURRENT_PROJECT_VERSION = 1;
				DEVELOPMENT_ASSET_PATHS = "";
				ENABLE_PREVIEWS = YES;
				GENERATE_INFOPLIST_FILE = NO;
				INFOPLIST_FILE = TivanONTiOS/Info.plist;
				INFOPLIST_KEY_UIApplicationSceneManifest_Generation = YES;
				INFOPLIST_KEY_UIApplicationSupportsIndirectInputEvents = YES;
				IPHONEOS_DEPLOYMENT_TARGET = 16.0;
				MARKETING_VERSION = 1.0.0;
				PRODUCT_BUNDLE_IDENTIFIER = ir.tivan.ontbootstrapper;
				PRODUCT_NAME = "$(TARGET_NAME)";
				SWIFT_EMIT_LOC_STRINGS = YES;
				SWIFT_VERSION = 5.0;
				TARGETED_DEVICE_FAMILY = 1;
			};
			name = Debug;
		};
		10A000000000000000000906 /* Release */ = {
			isa = XCBuildConfiguration;
			buildSettings = {
				ASSETCATALOG_COMPILER_APPICON_NAME = AppIcon;
				ASSETCATALOG_COMPILER_GLOBAL_ACCENT_COLOR_NAME = AccentColor;
				CODE_SIGN_STYLE = Automatic;
				CURRENT_PROJECT_VERSION = 1;
				DEVELOPMENT_ASSET_PATHS = "";
				ENABLE_PREVIEWS = YES;
				GENERATE_INFOPLIST_FILE = NO;
				INFOPLIST_FILE = TivanONTiOS/Info.plist;
				INFOPLIST_KEY_UIApplicationSceneManifest_Generation = YES;
				INFOPLIST_KEY_UIApplicationSupportsIndirectInputEvents = YES;
				IPHONEOS_DEPLOYMENT_TARGET = 16.0;
				MARKETING_VERSION = 1.0.0;
				PRODUCT_BUNDLE_IDENTIFIER = ir.tivan.ontbootstrapper;
				PRODUCT_NAME = "$(TARGET_NAME)";
				SWIFT_EMIT_LOC_STRINGS = YES;
				SWIFT_VERSION = 5.0;
				TARGETED_DEVICE_FAMILY = 1;
			};
			name = Release;
		};
/* End XCBuildConfiguration section */

/* Begin XCConfigurationList section */
		10A000000000000000000901 /* Build configuration list for PBXProject "TivanONTiOS" */ = {
			isa = XCConfigurationList;
			buildConfigurations = (
				10A000000000000000000902 /* Debug */,
				10A000000000000000000903 /* Release */,
			);
			defaultConfigurationIsVisible = 0;
			defaultConfigurationName = Release;
		};
		10A000000000000000000904 /* Build configuration list for PBXNativeTarget "TivanONTiOS" */ = {
			isa = XCConfigurationList;
			buildConfigurations = (
				10A000000000000000000905 /* Debug */,
				10A000000000000000000906 /* Release */,
			);
			defaultConfigurationIsVisible = 0;
			defaultConfigurationName = Release;
		};
/* End XCConfigurationList section */
	};
	rootObject = 10A000000000000000000801 /* Project object */;
}
